
Microsoft Visual Studio Solution File, Format Version 12.00
# Visual Studio Version 16
VisualStudioVersion = 16.0.29009.5
MinimumVisualStudioVersion = 10.0.40219.1
Project("{8BC9CEB8-8B4A-11D0-8D11-00A0C91BC942}") = "Gaussian_funs", "Gaussian_funs.vcxproj", "{D53608F1-175C-4860-A6A4-9B719683A36C}"
EndProject
Global
	GlobalSection(SolutionConfigurationPlatforms) = preSolution
		Debug|x64 = Debug|x64
		Debug|x86 = Debug|x86
		Release|x64 = Release|x64
		Release|x86 = Release|x86
	EndGlobalSection
	GlobalSection(ProjectConfigurationPlatforms) = postSolution
		{D53608F1-175C-4860-A6A4-9B719683A36C}.Debug|x64.ActiveCfg = Debug|x64
		{D53608F1-175C-4860-A6A4-9B719683A36C}.Debug|x64.Build.0 = Debug|x64
		{D53608F1-175C-4860-A6A4-9B719683A36C}.Debug|x86.ActiveCfg = Debug|Win32
		{D53608F1-175C-4860-A6A4-9B719683A36C}.Debug|x86.Build.0 = Debug|Win32
		{D53608F1-175C-4860-A6A4-9B719683A36C}.Release|x64.ActiveCfg = Release|x64
		{D53608F1-175C-4860-A6A4-9B719683A36C}.Release|x64.Build.0 = Release|x64
		{D53608F1-175C-4860-A6A4-9B719683A36C}.Release|x86.ActiveCfg = Release|Win32
		{D53608F1-175C-4860-A6A4-9B719683A36C}.Release|x86.Build.0 = Release|Win32
	EndGlobalSection
	GlobalSection(SolutionProperties) = preSolution
		HideSolutionNode = FALSE
	EndGlobalSection
	GlobalSection(ExtensibilityGlobals) = postSolution
		SolutionGuid = {C996D552-9B56-4551-984F-C23E4EC72968}
	EndGlobalSection
EndGlobal
